
Microsoft Visual Studio Solution File, Format Version 12.00
# Visual Studio Version 16
VisualStudioVersion = 16.0.29920.165
MinimumVisualStudioVersion = 10.0.40219.1
Project("{FAE04EC0-301F-11D3-BF4B-00C04F79EFBC}") = "User-Registration-Problem-CSharp", "User-Registration-Problem-CSharp.csproj", "{049B31BB-372A-4BC9-9E30-6D4D90553D43}"
EndProject
Global
	GlobalSection(SolutionConfigurationPlatforms) = preSolution
		Debug|Any CPU = Debug|Any CPU
		Release|Any CPU = Release|Any CPU
	EndGlobalSection
	GlobalSection(ProjectConfigurationPlatforms) = postSolution
		{049B31BB-372A-4BC9-9E30-6D4D90553D43}.Debug|Any CPU.ActiveCfg = Debug|Any CPU
		{049B31BB-372A-4BC9-9E30-6D4D90553D43}.Debug|Any CPU.Build.0 = Debug|Any CPU
		{049B31BB-372A-4BC9-9E30-6D4D90553D43}.Release|Any CPU.ActiveCfg = Release|Any CPU
		{049B31BB-372A-4BC9-9E30-6D4D90553D43}.Release|Any CPU.Build.0 = Release|Any CPU
	EndGlobalSection
	GlobalSection(SolutionProperties) = preSolution
		HideSolutionNode = FALSE
	EndGlobalSection
	GlobalSection(ExtensibilityGlobals) = postSolution
		SolutionGuid = {5DF49CEE-0959-4913-B530-06127A541083}
	EndGlobalSection
EndGlobal
